{
  "version": 4,
  "terraform_version": "1.14.0",
  "serial": 26,
  "lineage": "87e135a3-3d4e-b390-10c8-a361b7675b6d",
  "outputs": {},
  "resources": [
    {
      "mode": "data",
      "type": "aws_iam_policy_document",
      "name": "github_actions_assume_role",
      "provider": "provider[\"registry.terraform.io/hashicorp/aws\"]",
      "instances": [
        {
          "schema_version": 0,
          "attributes": {
            "id": "3229299395",
            "json": "{\n  \"Version\": \"2012-10-17\",\n  \"Statement\": [\n    {\n      \"Effect\": \"Allow\",\n      \"Action\": \"sts:AssumeRoleWithWebIdentity\",\n      \"Principal\": {\n        \"Federated\": \"arn:aws:iam::352505431850:oidc-provider/token.actions.githubusercontent.com\"\n      },\n      \"Condition\": {\n        \"StringLike\": {\n          \"token.actions.githubusercontent.com:sub\": \"repo:seanchristians/lab:*\"\n        }\n      }\n    }\n  ]\n}",
            "minified_json": "{\"Version\":\"2012-10-17\",\"Statement\":[{\"Effect\":\"Allow\",\"Action\":\"sts:AssumeRoleWithWebIdentity\",\"Principal\":{\"Federated\":\"arn:aws:iam::352505431850:oidc-provider/token.actions.githubusercontent.com\"},\"Condition\":{\"StringLike\":{\"token.actions.githubusercontent.com:sub\":\"repo:seanchristians/lab:*\"}}}]}",
            "override_json": null,
            "override_policy_documents": null,
            "policy_id": null,
            "source_json": null,
            "source_policy_documents": null,
            "statement": [
              {
                "actions": [
                  "sts:AssumeRoleWithWebIdentity"
                ],
                "condition": [
                  {
                    "test": "StringLike",
                    "values": [
                      "repo:seanchristians/lab:*"
                    ],
                    "variable": "token.actions.githubusercontent.com:sub"
                  }
                ],
                "effect": "Allow",
                "not_actions": [],
                "not_principals": [],
                "not_resources": [],
                "principals": [
                  {
                    "identifiers": [
                      "arn:aws:iam::352505431850:oidc-provider/token.actions.githubusercontent.com"
                    ],
                    "type": "Federated"
                  }
                ],
                "resources": [],
                "sid": ""
              }
            ],
            "version": "2012-10-17"
          },
          "sensitive_attributes": [],
          "identity_schema_version": 0
        }
      ]
    },
    {
      "mode": "data",
      "type": "aws_iam_policy_document",
      "name": "terraform_s3",
      "provider": "provider[\"registry.terraform.io/hashicorp/aws\"]",
      "instances": [
        {
          "schema_version": 0,
          "attributes": {
            "id": "3729941105",
            "json": "{\n  \"Version\": \"2012-10-17\",\n  \"Statement\": [\n    {\n      \"Effect\": \"Allow\",\n      \"Action\": \"s3:*\",\n      \"Resource\": [\n        \"arn:aws:s3:::seanchristians-lab-terraform-state/*\",\n        \"arn:aws:s3:::seanchristians-lab-terraform-state\"\n      ]\n    }\n  ]\n}",
            "minified_json": "{\"Version\":\"2012-10-17\",\"Statement\":[{\"Effect\":\"Allow\",\"Action\":\"s3:*\",\"Resource\":[\"arn:aws:s3:::seanchristians-lab-terraform-state/*\",\"arn:aws:s3:::seanchristians-lab-terraform-state\"]}]}",
            "override_json": null,
            "override_policy_documents": null,
            "policy_id": null,
            "source_json": null,
            "source_policy_documents": null,
            "statement": [
              {
                "actions": [
                  "s3:*"
                ],
                "condition": [],
                "effect": "Allow",
                "not_actions": [],
                "not_principals": [],
                "not_resources": [],
                "principals": [],
                "resources": [
                  "arn:aws:s3:::seanchristians-lab-terraform-state",
                  "arn:aws:s3:::seanchristians-lab-terraform-state/*"
                ],
                "sid": ""
              }
            ],
            "version": "2012-10-17"
          },
          "sensitive_attributes": [],
          "identity_schema_version": 0
        }
      ]
    },
    {
      "mode": "data",
      "type": "github_user",
      "name": "seanchristians",
      "provider": "provider[\"registry.terraform.io/integrations/github\"]",
      "instances": [
        {
          "schema_version": 0,
          "attributes": {
            "avatar_url": "https://avatars.githubusercontent.com/u/25487785?v=4",
            "bio": "",
            "blog": "",
            "company": "@VentionCo",
            "created_at": "2017-02-01 17:35:58 +0000 UTC",
            "email": "github@seanchristians.com",
            "followers": 8,
            "following": 7,
            "gpg_keys": [
              "xsDNBGTnpvcBDADp1O92nH9S+tDC8hwGvCWctSePVK5rLdGMhpTV+qo8MK0/Paq8GsC8WVByiYqroRfhwbPYXnOd2iEpxgxMokgRUYzoo4SL5qiNTEptRtmdCTDp41ZYLzqilsHT7W/RhJAmVca2mqnkbCYz2zOwNRTyXHrpODlxPaEXYSWoABscm//bCCP/ppOFWo4OQ/FS0qnPT23qM871zhp+0PKdEhwih+V0c8QsMlXOG/JrqyqYj8CqKhkqZ5t1/hoFCAHZu9nH6clTA9AKBMvh+aQebAmZDEsbSP5pGiPLdnUewvKMG/0gXacvFqU/1gTyg/djpiZOxDQAvegsQ+X40t5W9RHoQcNEIE9FtiolIghfCNxq6O61ilgKWhYmgPjqGHONFy4HIVOOmaISPG9qBlAtSHWcQ/YhaH8QkUaQyRwaF/WoL+XNhTgFM16308ChQxZbB2xPM/YiMsIUD0oLwdNdXuMeqPApi2d38ZcnNqb736qudDzzlJX6TGIdr6sQ2oii8VUAEQEAAQ==",
              "xjMEZhGg7BYJKwYBBAHaRw8BAQdAnEZanDG9OuEeKyAvvHP0PivRIqN43GAi4EAMRm4gFn4="
            ],
            "gravatar_id": "",
            "id": "25487785",
            "location": "Montreal, QC",
            "login": "seanchristians",
            "name": "Sean Christians",
            "node_id": "MDQ6VXNlcjI1NDg3Nzg1",
            "public_gists": 0,
            "public_repos": 3,
            "site_admin": false,
            "ssh_keys": [
              "ssh-rsa AAAAB3NzaC1yc2EAAAADAQABAAACAQCcXIctOxvHDy0GWlMlrgtr7cUGmMa6YWn41L4r2jNpgMg5aTSF0RPFrrfLbvewlMMk4HuTpDTrDtlnQn5mciFe3tHpDv/7SuQ6u1zlVBRpFhlN2HpwsYdiaHEYJTJgsI+Du/Xb93tc7YrwSzz8ZaPn3WCSEil+a7uVx/xoj2AxOZVmBLuyEu2dG0jqsc8lnCTmRKiUSlnaVB2BYqjuNfbhs9C+JmZeZRx9t4f1brxuD6cX5IkkxvGoYeTLi9d93JGCKAypGu/jV3oH/Z+xEPut71Xrbg85FF5oEaTu/AszacuBBPDPFuTILmBmb93j3yA1HEmkqRf+eylkZR0k+vBYhb/BfcjE7sB3SFua+YBQmOealD/QrTL/CWdoUo0uVxkunfSkrh0XmXOoV1251zoOKxIpuxLJ8Lhzbr77qSFuTucrh10XEmkJJY1unfDrAkJ7n15kVjicihQ7s19csOq7M26hSUFxVf2Wv0KHo/NZzXAIwRbj/+/qBJ/WBL8xQMzPzzbmQFz9DYVcvlqGyT87NBaxpTPF4GqFxFRk8N3/FUfqcFC2Y2IksdQ96inz5hjNue4vuDkLGpWw2bUOyf+dJyrqUjH7yJMJmHSq1D+K6gSftQ6D95vDoJsfQSn4rh/eOqakTWHR1iEkAld6nQKSvEvGH/psdheOvn+INb3LxQ=="
            ],
            "suspended_at": "0001-01-01 00:00:00 +0000 UTC",
            "updated_at": "2025-11-22 13:56:20 +0000 UTC",
            "username": "seanchristians"
          },
          "sensitive_attributes": [],
          "identity_schema_version": 0
        }
      ]
    },
    {
      "mode": "managed",
      "type": "aws_iam_openid_connect_provider",
      "name": "github_actions",
      "provider": "provider[\"registry.terraform.io/hashicorp/aws\"]",
      "instances": [
        {
          "schema_version": 0,
          "attributes": {
            "arn": "arn:aws:iam::352505431850:oidc-provider/token.actions.githubusercontent.com",
            "client_id_list": [
              "sts.amazonaws.com"
            ],
            "id": "arn:aws:iam::352505431850:oidc-provider/token.actions.githubusercontent.com",
            "tags": {},
            "tags_all": {
              "Created-By": "terraform-backend-bootstrap"
            },
            "thumbprint_list": [
              "2b18947a6a9fc7764fd8b5fb18a863b0c6dac24f"
            ],
            "url": "token.actions.githubusercontent.com"
          },
          "sensitive_attributes": [],
          "identity_schema_version": 0,
          "identity": {
            "arn": "arn:aws:iam::352505431850:oidc-provider/token.actions.githubusercontent.com"
          },
          "private": "bnVsbA=="
        }
      ]
    },
    {
      "mode": "managed",
      "type": "aws_iam_role",
      "name": "terraform",
      "provider": "provider[\"registry.terraform.io/hashicorp/aws\"]",
      "instances": [
        {
          "schema_version": 0,
          "attributes": {
            "arn": "arn:aws:iam::352505431850:role/GitHubActionsTerraformRole",
            "assume_role_policy": "{\"Statement\":[{\"Action\":\"sts:AssumeRoleWithWebIdentity\",\"Condition\":{\"StringLike\":{\"token.actions.githubusercontent.com:sub\":\"repo:seanchristians/lab:*\"}},\"Effect\":\"Allow\",\"Principal\":{\"Federated\":\"arn:aws:iam::352505431850:oidc-provider/token.actions.githubusercontent.com\"}}],\"Version\":\"2012-10-17\"}",
            "create_date": "2025-11-22T15:15:37Z",
            "description": "",
            "force_detach_policies": false,
            "id": "GitHubActionsTerraformRole",
            "inline_policy": [
              {
                "name": "terraform-s3",
                "policy": "{\"Version\":\"2012-10-17\",\"Statement\":[{\"Action\":\"s3:*\",\"Effect\":\"Allow\",\"Resource\":[\"arn:aws:s3:::seanchristians-lab-terraform-state/*\",\"arn:aws:s3:::seanchristians-lab-terraform-state\"]}]}"
              }
            ],
            "managed_policy_arns": [
              "arn:aws:iam::aws:policy/IAMFullAccess"
            ],
            "max_session_duration": 3600,
            "name": "GitHubActionsTerraformRole",
            "name_prefix": "",
            "path": "/",
            "permissions_boundary": "",
            "tags": {},
            "tags_all": {
              "Created-By": "terraform-backend-bootstrap"
            },
            "unique_id": "AROAVEEXWA4VDFDKLZBG6"
          },
          "sensitive_attributes": [],
          "identity_schema_version": 0,
          "identity": {
            "account_id": "352505431850",
            "name": "GitHubActionsTerraformRole"
          },
          "private": "bnVsbA==",
          "dependencies": [
            "aws_iam_openid_connect_provider.github_actions",
            "data.aws_iam_policy_document.github_actions_assume_role"
          ]
        }
      ]
    },
    {
      "mode": "managed",
      "type": "aws_iam_role_policy",
      "name": "terraform_s3",
      "provider": "provider[\"registry.terraform.io/hashicorp/aws\"]",
      "instances": [
        {
          "schema_version": 0,
          "attributes": {
            "id": "GitHubActionsTerraformRole:terraform-s3",
            "name": "terraform-s3",
            "name_prefix": "",
            "policy": "{\"Version\":\"2012-10-17\",\"Statement\":[{\"Action\":\"s3:*\",\"Effect\":\"Allow\",\"Resource\":[\"arn:aws:s3:::seanchristians-lab-terraform-state/*\",\"arn:aws:s3:::seanchristians-lab-terraform-state\"]}]}",
            "role": "GitHubActionsTerraformRole"
          },
          "sensitive_attributes": [],
          "identity_schema_version": 0,
          "identity": {
            "account_id": "352505431850",
            "name": "terraform-s3",
            "role": "GitHubActionsTerraformRole"
          },
          "private": "bnVsbA==",
          "dependencies": [
            "aws_iam_openid_connect_provider.github_actions",
            "aws_iam_role.terraform",
            "aws_s3_bucket.terraform_state",
            "data.aws_iam_policy_document.github_actions_assume_role",
            "data.aws_iam_policy_document.terraform_s3"
          ]
        }
      ]
    },
    {
      "mode": "managed",
      "type": "aws_iam_role_policy_attachment",
      "name": "terraform_iam",
      "provider": "provider[\"registry.terraform.io/hashicorp/aws\"]",
      "instances": [
        {
          "schema_version": 0,
          "attributes": {
            "id": "GitHubActionsTerraformRole/arn:aws:iam::aws:policy/IAMFullAccess",
            "policy_arn": "arn:aws:iam::aws:policy/IAMFullAccess",
            "role": "GitHubActionsTerraformRole"
          },
          "sensitive_attributes": [],
          "identity_schema_version": 0,
          "identity": {
            "account_id": "352505431850",
            "policy_arn": "arn:aws:iam::aws:policy/IAMFullAccess",
            "role": "GitHubActionsTerraformRole"
          },
          "private": "bnVsbA==",
          "dependencies": [
            "aws_iam_openid_connect_provider.github_actions",
            "aws_iam_role.terraform",
            "data.aws_iam_policy_document.github_actions_assume_role"
          ]
        }
      ]
    },
    {
      "mode": "managed",
      "type": "aws_s3_bucket",
      "name": "terraform_state",
      "provider": "provider[\"registry.terraform.io/hashicorp/aws\"]",
      "instances": [
        {
          "schema_version": 0,
          "attributes": {
            "acceleration_status": "",
            "acl": null,
            "arn": "arn:aws:s3:::seanchristians-lab-terraform-state",
            "bucket": "seanchristians-lab-terraform-state",
            "bucket_domain_name": "seanchristians-lab-terraform-state.s3.amazonaws.com",
            "bucket_prefix": "",
            "bucket_region": "ca-central-1",
            "bucket_regional_domain_name": "seanchristians-lab-terraform-state.s3.ca-central-1.amazonaws.com",
            "cors_rule": [],
            "force_destroy": true,
            "grant": [
              {
                "id": "e1aecd6ad6d91a94fc249722d35fe59caa04ab4f1a259f34a0663c165262ca12",
                "permissions": [
                  "FULL_CONTROL"
                ],
                "type": "CanonicalUser",
                "uri": ""
              }
            ],
            "hosted_zone_id": "Z1QDHH18159H29",
            "id": "seanchristians-lab-terraform-state",
            "lifecycle_rule": [
              {
                "abort_incomplete_multipart_upload_days": 0,
                "enabled": true,
                "expiration": [],
                "id": "version-history",
                "noncurrent_version_expiration": [
                  {
                    "days": 30
                  }
                ],
                "noncurrent_version_transition": [],
                "prefix": "",
                "tags": {},
                "transition": []
              }
            ],
            "logging": [],
            "object_lock_configuration": [],
            "object_lock_enabled": false,
            "policy": "",
            "region": "ca-central-1",
            "replication_configuration": [],
            "request_payer": "BucketOwner",
            "server_side_encryption_configuration": [
              {
                "rule": [
                  {
                    "apply_server_side_encryption_by_default": [
                      {
                        "kms_master_key_id": "",
                        "sse_algorithm": "AES256"
                      }
                    ],
                    "bucket_key_enabled": false
                  }
                ]
              }
            ],
            "tags": {},
            "tags_all": {
              "Created-By": "terraform-backend-bootstrap"
            },
            "timeouts": null,
            "versioning": [
              {
                "enabled": true,
                "mfa_delete": false
              }
            ],
            "website": [],
            "website_domain": null,
            "website_endpoint": null
          },
          "sensitive_attributes": [],
          "identity_schema_version": 0,
          "identity": {
            "account_id": "352505431850",
            "bucket": "seanchristians-lab-terraform-state",
            "region": "ca-central-1"
          },
          "private": "eyJlMmJmYjczMC1lY2FhLTExZTYtOGY4OC0zNDM2M2JjN2M0YzAiOnsiY3JlYXRlIjoxMjAwMDAwMDAwMDAwLCJkZWxldGUiOjM2MDAwMDAwMDAwMDAsInJlYWQiOjEyMDAwMDAwMDAwMDAsInVwZGF0ZSI6MTIwMDAwMDAwMDAwMH19"
        }
      ]
    },
    {
      "mode": "managed",
      "type": "aws_s3_bucket_lifecycle_configuration",
      "name": "terraform_state",
      "provider": "provider[\"registry.terraform.io/hashicorp/aws\"]",
      "instances": [
        {
          "schema_version": 1,
          "attributes": {
            "bucket": "seanchristians-lab-terraform-state",
            "expected_bucket_owner": "",
            "id": "seanchristians-lab-terraform-state",
            "region": "ca-central-1",
            "rule": [
              {
                "abort_incomplete_multipart_upload": [],
                "expiration": [],
                "filter": [],
                "id": "version-history",
                "noncurrent_version_expiration": [
                  {
                    "newer_noncurrent_versions": null,
                    "noncurrent_days": 30
                  }
                ],
                "noncurrent_version_transition": [],
                "prefix": "",
                "status": "Enabled",
                "transition": []
              }
            ],
            "timeouts": null,
            "transition_default_minimum_object_size": "all_storage_classes_128K"
          },
          "sensitive_attributes": [],
          "identity_schema_version": 0,
          "dependencies": [
            "aws_s3_bucket.terraform_state"
          ]
        }
      ]
    },
    {
      "mode": "managed",
      "type": "aws_s3_bucket_versioning",
      "name": "terraform_state",
      "provider": "provider[\"registry.terraform.io/hashicorp/aws\"]",
      "instances": [
        {
          "schema_version": 0,
          "attributes": {
            "bucket": "seanchristians-lab-terraform-state",
            "expected_bucket_owner": "",
            "id": "seanchristians-lab-terraform-state",
            "mfa": null,
            "region": "ca-central-1",
            "versioning_configuration": [
              {
                "mfa_delete": "",
                "status": "Enabled"
              }
            ]
          },
          "sensitive_attributes": [],
          "identity_schema_version": 0,
          "identity": {
            "account_id": "352505431850",
            "bucket": "seanchristians-lab-terraform-state",
            "expected_bucket_owner": null,
            "region": "ca-central-1"
          },
          "private": "bnVsbA==",
          "dependencies": [
            "aws_s3_bucket.terraform_state"
          ]
        }
      ]
    },
    {
      "mode": "managed",
      "type": "github_actions_environment_variable",
      "name": "aws_assume_role_arn",
      "provider": "provider[\"registry.terraform.io/integrations/github\"]",
      "instances": [
        {
          "schema_version": 0,
          "attributes": {
            "created_at": "2025-11-22 15:36:21 +0000 UTC",
            "environment": "terraform",
            "id": "lab:terraform:AWS_ROLE_ARN",
            "repository": "lab",
            "updated_at": "2025-11-22 15:36:21 +0000 UTC",
            "value": "arn:aws:iam::352505431850:role/GitHubActionsTerraformRole",
            "variable_name": "AWS_ROLE_ARN"
          },
          "sensitive_attributes": [],
          "identity_schema_version": 0,
          "private": "bnVsbA==",
          "dependencies": [
            "aws_iam_openid_connect_provider.github_actions",
            "aws_iam_role.terraform",
            "data.aws_iam_policy_document.github_actions_assume_role",
            "github_repository_environment.terraform"
          ]
        }
      ]
    },
    {
      "mode": "managed",
      "type": "github_repository_environment",
      "name": "development",
      "provider": "provider[\"registry.terraform.io/integrations/github\"]",
      "instances": [
        {
          "schema_version": 0,
          "attributes": {
            "can_admins_bypass": true,
            "deployment_branch_policy": [],
            "environment": "development",
            "id": "lab:development",
            "prevent_self_review": false,
            "repository": "lab",
            "reviewers": [],
            "wait_timer": 0
          },
          "sensitive_attributes": [],
          "identity_schema_version": 0,
          "private": "bnVsbA=="
        }
      ]
    },
    {
      "mode": "managed",
      "type": "github_repository_environment",
      "name": "production",
      "provider": "provider[\"registry.terraform.io/integrations/github\"]",
      "instances": [
        {
          "schema_version": 0,
          "attributes": {
            "can_admins_bypass": true,
            "deployment_branch_policy": [],
            "environment": "production",
            "id": "lab:production",
            "prevent_self_review": false,
            "repository": "lab",
            "reviewers": [
              {
                "teams": null,
                "users": [
                  25487785
                ]
              }
            ],
            "wait_timer": 0
          },
          "sensitive_attributes": [],
          "identity_schema_version": 0,
          "private": "bnVsbA==",
          "dependencies": [
            "data.github_user.seanchristians"
          ]
        }
      ]
    },
    {
      "mode": "managed",
      "type": "github_repository_environment",
      "name": "terraform",
      "provider": "provider[\"registry.terraform.io/integrations/github\"]",
      "instances": [
        {
          "schema_version": 0,
          "attributes": {
            "can_admins_bypass": true,
            "deployment_branch_policy": [],
            "environment": "terraform",
            "id": "lab:terraform",
            "prevent_self_review": false,
            "repository": "lab",
            "reviewers": [],
            "wait_timer": 0
          },
          "sensitive_attributes": [],
          "identity_schema_version": 0,
          "private": "bnVsbA=="
        }
      ]
    }
  ],
  "check_results": null
}
